// !$*UTF8*$!
{
	archiveVersion = 1;
	classes = {
	};
	objectVersion = 50;
	objects = {

/* Begin PBXBuildFile section */
		19AC0689254915AB00097E94 /* FirstScreenViewController.swift in Sources */ = {isa = PBXBuildFile; fileRef = 19AC0688254915AB00097E94 /* FirstScreenViewController.swift */; };
		19ACA3A6254861CF00723AE3 /* AppDelegate.swift in Sources */ = {isa = PBXBuildFile; fileRef = 19ACA3A5254861CF00723AE3 /* AppDelegate.swift */; };
		19ACA3A8254861CF00723AE3 /* SceneDelegate.swift in Sources */ = {isa = PBXBuildFile; fileRef = 19ACA3A7254861CF00723AE3 /* SceneDelegate.swift */; };
		19ACA3AA254861CF00723AE3 /* ImageViewController.swift in Sources */ = {isa = PBXBuildFile; fileRef = 19ACA3A9254861CF00723AE3 /* ImageViewController.swift */; };
		19ACA3AD254861CF00723AE3 /* Main.storyboard in Resources */ = {isa = PBXBuildFile; fileRef = 19ACA3AB254861CF00723AE3 /* Main.storyboard */; };
		19ACA3AF254861D200723AE3 /* Assets.xcassets in Resources */ = {isa = PBXBuildFile; fileRef = 19ACA3AE254861D200723AE3 /* Assets.xcassets */; };
		19ACA3B2254861D200723AE3 /* LaunchScreen.storyboard in Resources */ = {isa = PBXBuildFile; fileRef = 19ACA3B0254861D200723AE3 /* LaunchScreen.storyboard */; };
		19BE6143254AFFDD00C2C2E7 /* TableViewCell.swift in Sources */ = {isa = PBXBuildFile; fileRef = 19BE6142254AFFDD00C2C2E7 /* TableViewCell.swift */; };
		19F95D93254A861000528038 /* CoursesViewController.swift in Sources */ = {isa = PBXBuildFile; fileRef = 19F95D92254A861000528038 /* CoursesViewController.swift */; };
		19F95D96254A879E00528038 /* CourseModel.swift in Sources */ = {isa = PBXBuildFile; fileRef = 19F95D95254A879E00528038 /* CourseModel.swift */; };
/* End PBXBuildFile section */

/* Begin PBXFileReference section */
		19AC0688254915AB00097E94 /* FirstScreenViewController.swift */ = {isa = PBXFileReference; lastKnownFileType = sourcecode.swift; path = FirstScreenViewController.swift; sourceTree = "<group>"; };
		19ACA3A2254861CF00723AE3 /* workWithNetwork.app */ = {isa = PBXFileReference; explicitFileType = wrapper.application; includeInIndex = 0; path = workWithNetwork.app; sourceTree = BUILT_PRODUCTS_DIR; };
		19ACA3A5254861CF00723AE3 /* AppDelegate.swift */ = {isa = PBXFileReference; lastKnownFileType = sourcecode.swift; path = AppDelegate.swift; sourceTree = "<group>"; };
		19ACA3A7254861CF00723AE3 /* SceneDelegate.swift */ = {isa = PBXFileReference; lastKnownFileType = sourcecode.swift; path = SceneDelegate.swift; sourceTree = "<group>"; };
		19ACA3A9254861CF00723AE3 /* ImageViewController.swift */ = {isa = PBXFileReference; lastKnownFileType = sourcecode.swift; path = ImageViewController.swift; sourceTree = "<group>"; };
		19ACA3AC254861CF00723AE3 /* Base */ = {isa = PBXFileReference; lastKnownFileType = file.storyboard; name = Base; path = Base.lproj/Main.storyboard; sourceTree = "<group>"; };
		19ACA3AE254861D200723AE3 /* Assets.xcassets */ = {isa = PBXFileReference; lastKnownFileType = folder.assetcatalog; path = Assets.xcassets; sourceTree = "<group>"; };
		19ACA3B1254861D200723AE3 /* Base */ = {isa = PBXFileReference; lastKnownFileType = file.storyboard; name = Base; path = Base.lproj/LaunchScreen.storyboard; sourceTree = "<group>"; };
		19ACA3B3254861D200723AE3 /* Info.plist */ = {isa = PBXFileReference; lastKnownFileType = text.plist.xml; path = Info.plist; sourceTree = "<group>"; };
		19BE6142254AFFDD00C2C2E7 /* TableViewCell.swift */ = {isa = PBXFileReference; lastKnownFileType = sourcecode.swift; path = TableViewCell.swift; sourceTree = "<group>"; };
		19F95D92254A861000528038 /* CoursesViewController.swift */ = {isa = PBXFileReference; lastKnownFileType = sourcecode.swift; path = CoursesViewController.swift; sourceTree = "<group>"; };
		19F95D95254A879E00528038 /* CourseModel.swift */ = {isa = PBXFileReference; lastKnownFileType = sourcecode.swift; path = CourseModel.swift; sourceTree = "<group>"; };
/* End PBXFileReference section */

/* Begin PBXFrameworksBuildPhase section */
		19ACA39F254861CF00723AE3 /* Frameworks */ = {
			isa = PBXFrameworksBuildPhase;
			buildActionMask = 2147483647;
			files = (
			);
			runOnlyForDeploymentPostprocessing = 0;
		};
/* End PBXFrameworksBuildPhase section */

/* Begin PBXGroup section */
		19ACA399254861CF00723AE3 = {
			isa = PBXGroup;
			children = (
				19ACA3A4254861CF00723AE3 /* workWithNetwork */,
				19ACA3A3254861CF00723AE3 /* Products */,
			);
			sourceTree = "<group>";
		};
		19ACA3A3254861CF00723AE3 /* Products */ = {
			isa = PBXGroup;
			children = (
				19ACA3A2254861CF00723AE3 /* workWithNetwork.app */,
			);
			name = Products;
			sourceTree = "<group>";
		};
		19ACA3A4254861CF00723AE3 /* workWithNetwork */ = {
			isa = PBXGroup;
			children = (
				19ACA3A5254861CF00723AE3 /* AppDelegate.swift */,
				19ACA3A7254861CF00723AE3 /* SceneDelegate.swift */,
				19ACA3A9254861CF00723AE3 /* ImageViewController.swift */,
				19AC0688254915AB00097E94 /* FirstScreenViewController.swift */,
				19F95D92254A861000528038 /* CoursesViewController.swift */,
				19BE6142254AFFDD00C2C2E7 /* TableViewCell.swift */,
				19F95D95254A879E00528038 /* CourseModel.swift */,
				19ACA3AB254861CF00723AE3 /* Main.storyboard */,
				19ACA3B0254861D200723AE3 /* LaunchScreen.storyboard */,
				19ACA3B3254861D200723AE3 /* Info.plist */,
				19ACA3AE254861D200723AE3 /* Assets.xcassets */,
			);
			path = workWithNetwork;
			sourceTree = "<group>";
		};
/* End PBXGroup section */

/* Begin PBXNativeTarget section */
		19ACA3A1254861CF00723AE3 /* workWithNetwork */ = {
			isa = PBXNativeTarget;
			buildConfigurationList = 19ACA3B6254861D200723AE3 /* Build configuration list for PBXNativeTarget "workWithNetwork" */;
			buildPhases = (
				19ACA39E254861CF00723AE3 /* Sources */,
				19ACA39F254861CF00723AE3 /* Frameworks */,
				19ACA3A0254861CF00723AE3 /* Resources */,
			);
			buildRules = (
			);
			dependencies = (
			);
			name = workWithNetwork;
			productName = workWithNetwork;
			productReference = 19ACA3A2254861CF00723AE3 /* workWithNetwork.app */;
			productType = "com.apple.product-type.application";
		};
/* End PBXNativeTarget section */

/* Begin PBXProject section */
		19ACA39A254861CF00723AE3 /* Project object */ = {
			isa = PBXProject;
			attributes = {
				LastSwiftUpdateCheck = 1210;
				LastUpgradeCheck = 1210;
				TargetAttributes = {
					19ACA3A1254861CF00723AE3 = {
						CreatedOnToolsVersion = 12.1;
					};
				};
			};
			buildConfigurationList = 19ACA39D254861CF00723AE3 /* Build configuration list for PBXProject "workWithNetwork" */;
			compatibilityVersion = "Xcode 9.3";
			developmentRegion = en;
			hasScannedForEncodings = 0;
			knownRegions = (
				en,
				Base,
			);
			mainGroup = 19ACA399254861CF00723AE3;
			productRefGroup = 19ACA3A3254861CF00723AE3 /* Products */;
			projectDirPath = "";
			projectRoot = "";
			targets = (
				19ACA3A1254861CF00723AE3 /* workWithNetwork */,
			);
		};
/* End PBXProject section */

/* Begin PBXResourcesBuildPhase section */
		19ACA3A0254861CF00723AE3 /* Resources */ = {
			isa = PBXResourcesBuildPhase;
			buildActionMask = 2147483647;
			files = (
				19ACA3B2254861D200723AE3 /* LaunchScreen.storyboard in Resources */,
				19ACA3AF254861D200723AE3 /* Assets.xcassets in Resources */,
				19ACA3AD254861CF00723AE3 /* Main.storyboard in Resources */,
			);
			runOnlyForDeploymentPostprocessing = 0;
		};
/* End PBXResourcesBuildPhase section */

/* Begin PBXSourcesBuildPhase section */
		19ACA39E254861CF00723AE3 /* Sources */ = {
			isa = PBXSourcesBuildPhase;
			buildActionMask = 2147483647;
			files = (
				19F95D96254A879E00528038 /* CourseModel.swift in Sources */,
				19ACA3AA254861CF00723AE3 /* ImageViewController.swift in Sources */,
				19ACA3A6254861CF00723AE3 /* AppDelegate.swift in Sources */,
				19ACA3A8254861CF00723AE3 /* SceneDelegate.swift in Sources */,
				19AC0689254915AB00097E94 /* FirstScreenViewController.swift in Sources */,
				19BE6143254AFFDD00C2C2E7 /* TableViewCell.swift in Sources */,
				19F95D93254A861000528038 /* CoursesViewController.swift in Sources */,
			);
			runOnlyForDeploymentPostprocessing = 0;
		};
/* End PBXSourcesBuildPhase section */

/* Begin PBXVariantGroup section */
		19ACA3AB254861CF00723AE3 /* Main.storyboard */ = {
			isa = PBXVariantGroup;
			children = (
				19ACA3AC254861CF00723AE3 /* Base */,
			);
			name = Main.storyboard;
			sourceTree = "<group>";
		};
		19ACA3B0254861D200723AE3 /* LaunchScreen.storyboard */ = {
			isa = PBXVariantGroup;
			children = (
				19ACA3B1254861D200723AE3 /* Base */,
			);
			name = LaunchScreen.storyboard;
			sourceTree = "<group>";
		};
/* End PBXVariantGroup section */

/* Begin XCBuildConfiguration section */
		19ACA3B4254861D200723AE3 /* Debug */ = {
			isa = XCBuildConfiguration;
			buildSettings = {
				ALWAYS_SEARCH_USER_PATHS = NO;
				CLANG_ANALYZER_NONNULL = YES;
				CLANG_ANALYZER_NUMBER_OBJECT_CONVERSION = YES_AGGRESSIVE;
				CLANG_CXX_LANGUAGE_STANDARD = "gnu++14";
				CLANG_CXX_LIBRARY = "libc++";
				CLANG_ENABLE_MODULES = YES;
				CLANG_ENABLE_OBJC_ARC = YES;
				CLANG_ENABLE_OBJC_WEAK = YES;
				CLANG_WARN_BLOCK_CAPTURE_AUTORELEASING = YES;
				CLANG_WARN_BOOL_CONVERSION = YES;
				CLANG_WARN_COMMA = YES;
				CLANG_WARN_CONSTANT_CONVERSION = YES;
				CLANG_WARN_DEPRECATED_OBJC_IMPLEMENTATIONS = YES;
				CLANG_WARN_DIRECT_OBJC_ISA_USAGE = YES_ERROR;
				CLANG_WARN_DOCUMENTATION_COMMENTS = YES;
				CLANG_WARN_EMPTY_BODY = YES;
				CLANG_WARN_ENUM_CONVERSION = YES;
				CLANG_WARN_INFINITE_RECURSION = YES;
				CLANG_WARN_INT_CONVERSION = YES;
				CLANG_WARN_NON_LITERAL_NULL_CONVERSION = YES;
				CLANG_WARN_OBJC_IMPLICIT_RETAIN_SELF = YES;
				CLANG_WARN_OBJC_LITERAL_CONVERSION = YES;
				CLANG_WARN_OBJC_ROOT_CLASS = YES_ERROR;
				CLANG_WARN_QUOTED_INCLUDE_IN_FRAMEWORK_HEADER = YES;
				CLANG_WARN_RANGE_LOOP_ANALYSIS = YES;
				CLANG_WARN_STRICT_PROTOTYPES = YES;
				CLANG_WARN_SUSPICIOUS_MOVE = YES;
				CLANG_WARN_UNGUARDED_AVAILABILITY = YES_AGGRESSIVE;
				CLANG_WARN_UNREACHABLE_CODE = YES;
				CLANG_WARN__DUPLICATE_METHOD_MATCH = YES;
				COPY_PHASE_STRIP = NO;
				DEBUG_INFORMATION_FORMAT = dwarf;
				ENABLE_STRICT_OBJC_MSGSEND = YES;
				ENABLE_TESTABILITY = YES;
				GCC_C_LANGUAGE_STANDARD = gnu11;
				GCC_DYNAMIC_NO_PIC = NO;
				GCC_NO_COMMON_BLOCKS = YES;
				GCC_OPTIMIZATION_LEVEL = 0;
				GCC_PREPROCESSOR_DEFINITIONS = (
					"DEBUG=1",
					"$(inherited)",
				);
				GCC_WARN_64_TO_32_BIT_CONVERSION = YES;
				GCC_WARN_ABOUT_RETURN_TYPE = YES_ERROR;
				GCC_WARN_UNDECLARED_SELECTOR = YES;
				GCC_WARN_UNINITIALIZED_AUTOS = YES_AGGRESSIVE;
				GCC_WARN_UNUSED_FUNCTION = YES;
				GCC_WARN_UNUSED_VARIABLE = YES;
				IPHONEOS_DEPLOYMENT_TARGET = 14.1;
				MTL_ENABLE_DEBUG_INFO = INCLUDE_SOURCE;
				MTL_FAST_MATH = YES;
				ONLY_ACTIVE_ARCH = YES;
				SDKROOT = iphoneos;
				SWIFT_ACTIVE_COMPILATION_CONDITIONS = DEBUG;
				SWIFT_OPTIMIZATION_LEVEL = "-Onone";
			};
			name = Debug;
		};
		19ACA3B5254861D200723AE3 /* Release */ = {
			isa = XCBuildConfiguration;
			buildSettings = {
				ALWAYS_SEARCH_USER_PATHS = NO;
				CLANG_ANALYZER_NONNULL = YES;
				CLANG_ANALYZER_NUMBER_OBJECT_CONVERSION = YES_AGGRESSIVE;
				CLANG_CXX_LANGUAGE_STANDARD = "gnu++14";
				CLANG_CXX_LIBRARY = "libc++";
				CLANG_ENABLE_MODULES = YES;
				CLANG_ENABLE_OBJC_ARC = YES;
				CLANG_ENABLE_OBJC_WEAK = YES;
				CLANG_WARN_BLOCK_CAPTURE_AUTORELEASING = YES;
				CLANG_WARN_BOOL_CONVERSION = YES;
				CLANG_WARN_COMMA = YES;
				CLANG_WARN_CONSTANT_CONVERSION = YES;
				CLANG_WARN_DEPRECATED_OBJC_IMPLEMENTATIONS = YES;
				CLANG_WARN_DIRECT_OBJC_ISA_USAGE = YES_ERROR;
				CLANG_WARN_DOCUMENTATION_COMMENTS = YES;
				CLANG_WARN_EMPTY_BODY = YES;
				CLANG_WARN_ENUM_CONVERSION = YES;
				CLANG_WARN_INFINITE_RECURSION = YES;
				CLANG_WARN_INT_CONVERSION = YES;
				CLANG_WARN_NON_LITERAL_NULL_CONVERSION = YES;
				CLANG_WARN_OBJC_IMPLICIT_RETAIN_SELF = YES;
				CLANG_WARN_OBJC_LITERAL_CONVERSION = YES;
				CLANG_WARN_OBJC_ROOT_CLASS = YES_ERROR;
				CLANG_WARN_QUOTED_INCLUDE_IN_FRAMEWORK_HEADER = YES;
				CLANG_WARN_RANGE_LOOP_ANALYSIS = YES;
				CLANG_WARN_STRICT_PROTOTYPES = YES;
				CLANG_WARN_SUSPICIOUS_MOVE = YES;
				CLANG_WARN_UNGUARDED_AVAILABILITY = YES_AGGRESSIVE;
				CLANG_WARN_UNREACHABLE_CODE = YES;
				CLANG_WARN__DUPLICATE_METHOD_MATCH = YES;
				COPY_PHASE_STRIP = NO;
				DEBUG_INFORMATION_FORMAT = "dwarf-with-dsym";
				ENABLE_NS_ASSERTIONS = NO;
				ENABLE_STRICT_OBJC_MSGSEND = YES;
				GCC_C_LANGUAGE_STANDARD = gnu11;
				GCC_NO_COMMON_BLOCKS = YES;
				GCC_WARN_64_TO_32_BIT_CONVERSION = YES;
				GCC_WARN_ABOUT_RETURN_TYPE = YES_ERROR;
				GCC_WARN_UNDECLARED_SELECTOR = YES;
				GCC_WARN_UNINITIALIZED_AUTOS = YES_AGGRESSIVE;
				GCC_WARN_UNUSED_FUNCTION = YES;
				GCC_WARN_UNUSED_VARIABLE = YES;
				IPHONEOS_DEPLOYMENT_TARGET = 14.1;
				MTL_ENABLE_DEBUG_INFO = NO;
				MTL_FAST_MATH = YES;
				SDKROOT = iphoneos;
				SWIFT_COMPILATION_MODE = wholemodule;
				SWIFT_OPTIMIZATION_LEVEL = "-O";
				VALIDATE_PRODUCT = YES;
			};
			name = Release;
		};
		19ACA3B7254861D200723AE3 /* Debug */ = {
			isa = XCBuildConfiguration;
			buildSettings = {
				ASSETCATALOG_COMPILER_APPICON_NAME = AppIcon;
				ASSETCATALOG_COMPILER_GLOBAL_ACCENT_COLOR_NAME = AccentColor;
				CODE_SIGN_STYLE = Automatic;
				DEVELOPMENT_TEAM = TQU76263MV;
				INFOPLIST_FILE = workWithNetwork/Info.plist;
				LD_RUNPATH_SEARCH_PATHS = (
					"$(inherited)",
					"@executable_path/Frameworks",
				);
				PRODUCT_BUNDLE_IDENTIFIER = com.damirLutfullin.workWithNetwork;
				PRODUCT_NAME = "$(TARGET_NAME)";
				SWIFT_VERSION = 5.0;
				TARGETED_DEVICE_FAMILY = 1;
			};
			name = Debug;
		};
		19ACA3B8254861D200723AE3 /* Release */ = {
			isa = XCBuildConfiguration;
			buildSettings = {
				ASSETCATALOG_COMPILER_APPICON_NAME = AppIcon;
				ASSETCATALOG_COMPILER_GLOBAL_ACCENT_COLOR_NAME = AccentColor;
				CODE_SIGN_STYLE = Automatic;
				DEVELOPMENT_TEAM = TQU76263MV;
				INFOPLIST_FILE = workWithNetwork/Info.plist;
				LD_RUNPATH_SEARCH_PATHS = (
					"$(inherited)",
					"@executable_path/Frameworks",
				);
				PRODUCT_BUNDLE_IDENTIFIER = com.damirLutfullin.workWithNetwork;
				PRODUCT_NAME = "$(TARGET_NAME)";
				SWIFT_VERSION = 5.0;
				TARGETED_DEVICE_FAMILY = 1;
			};
			name = Release;
		};
/* End XCBuildConfiguration section */

/* Begin XCConfigurationList section */
		19ACA39D254861CF00723AE3 /* Build configuration list for PBXProject "workWithNetwork" */ = {
			isa = XCConfigurationList;
			buildConfigurations = (
				19ACA3B4254861D200723AE3 /* Debug */,
				19ACA3B5254861D200723AE3 /* Release */,
			);
			defaultConfigurationIsVisible = 0;
			defaultConfigurationName = Release;
		};
		19ACA3B6254861D200723AE3 /* Build configuration list for PBXNativeTarget "workWithNetwork" */ = {
			isa = XCConfigurationList;
			buildConfigurations = (
				19ACA3B7254861D200723AE3 /* Debug */,
				19ACA3B8254861D200723AE3 /* Release */,
			);
			defaultConfigurationIsVisible = 0;
			defaultConfigurationName = Release;
		};
/* End XCConfigurationList section */
	};
	rootObject = 19ACA39A254861CF00723AE3 /* Project object */;
}
